{
  "name": "ruang-kata-kbbi-dashboard",
  "version": "1.0.0",
  "lockfileVersion": 3,
  "requires": true,
  "packages": {
    "": {
      "name": "ruang-kata-kbbi-dashboard",
      "version": "1.0.0",
      "dependencies": {
        "id-wordnet": "1.0.9",
        "wordnet": "2.0.0"
      },
      "engines": {
        "node": ">=22.5"
      }
    },
    "node_modules/id-wordnet": {
      "version": "1.0.9",
      "resolved": "https://registry.npmjs.org/id-wordnet/-/id-wordnet-1.0.9.tgz",
      "integrity": "sha512-YankyVz3df/TvG11i4A84PrpJzI+f5Kce01P37SPkE62ajbWdEUqEqeMfYKjoGKOZFyNaSfEcHIzVy3iLSCF5A==",
      "license": "MIT"
    },
    "node_modules/wordnet": {
      "version": "2.0.0",
      "resolved": "https://registry.npmjs.org/wordnet/-/wordnet-2.0.0.tgz",
      "integrity": "sha512-VQOEUBHU6drwXGQx37bVaRqi042IZ8NwJiT9qLtM2x1QzqgIJIRoyZa++rWrUvICK+tYz9ttfYFk1c8IiN6DVQ==",
      "license": "MIT",
      "engines": {
        "node": ">= 0.10.0"
      }
    }
  }
}
